
Microsoft Visual Studio Solution File, Format Version 12.00
# Visual Studio Version 16
VisualStudioVersion = 16.0.29806.167
MinimumVisualStudioVersion = 10.0.40219.1
Project("{FAE04EC0-301F-11D3-BF4B-00C04F79EFBC}") = "CatanSvcTestClient", "CatanSvcTestClient.csproj", "{B9CEF4C7-A91E-4D31-8C49-24FE8567E707}"
EndProject
Global
	GlobalSection(SolutionConfigurationPlatforms) = preSolution
		Debug|ARM = Debug|ARM
		Debug|ARM64 = Debug|ARM64
		Debug|x64 = Debug|x64
		Debug|x86 = Debug|x86
		Release|ARM = Release|ARM
		Release|ARM64 = Release|ARM64
		Release|x64 = Release|x64
		Release|x86 = Release|x86
	EndGlobalSection
	GlobalSection(ProjectConfigurationPlatforms) = postSolution
		{B9CEF4C7-A91E-4D31-8C49-24FE8567E707}.Debug|ARM.ActiveCfg = Debug|ARM
		{B9CEF4C7-A91E-4D31-8C49-24FE8567E707}.Debug|ARM.Build.0 = Debug|ARM
		{B9CEF4C7-A91E-4D31-8C49-24FE8567E707}.Debug|ARM.Deploy.0 = Debug|ARM
		{B9CEF4C7-A91E-4D31-8C49-24FE8567E707}.Debug|ARM64.ActiveCfg = Debug|ARM64
		{B9CEF4C7-A91E-4D31-8C49-24FE8567E707}.Debug|ARM64.Build.0 = Debug|ARM64
		{B9CEF4C7-A91E-4D31-8C49-24FE8567E707}.Debug|ARM64.Deploy.0 = Debug|ARM64
		{B9CEF4C7-A91E-4D31-8C49-24FE8567E707}.Debug|x64.ActiveCfg = Debug|x64
		{B9CEF4C7-A91E-4D31-8C49-24FE8567E707}.Debug|x64.Build.0 = Debug|x64
		{B9CEF4C7-A91E-4D31-8C49-24FE8567E707}.Debug|x64.Deploy.0 = Debug|x64
		{B9CEF4C7-A91E-4D31-8C49-24FE8567E707}.Debug|x86.ActiveCfg = Debug|x86
		{B9CEF4C7-A91E-4D31-8C49-24FE8567E707}.Debug|x86.Build.0 = Debug|x86
		{B9CEF4C7-A91E-4D31-8C49-24FE8567E707}.Debug|x86.Deploy.0 = Debug|x86
		{B9CEF4C7-A91E-4D31-8C49-24FE8567E707}.Release|ARM.ActiveCfg = Release|ARM
		{B9CEF4C7-A91E-4D31-8C49-24FE8567E707}.Release|ARM.Build.0 = Release|ARM
		{B9CEF4C7-A91E-4D31-8C49-24FE8567E707}.Release|ARM.Deploy.0 = Release|ARM
		{B9CEF4C7-A91E-4D31-8C49-24FE8567E707}.Release|ARM64.ActiveCfg = Release|ARM64
		{B9CEF4C7-A91E-4D31-8C49-24FE8567E707}.Release|ARM64.Build.0 = Release|ARM64
		{B9CEF4C7-A91E-4D31-8C49-24FE8567E707}.Release|ARM64.Deploy.0 = Release|ARM64
		{B9CEF4C7-A91E-4D31-8C49-24FE8567E707}.Release|x64.ActiveCfg = Release|x64
		{B9CEF4C7-A91E-4D31-8C49-24FE8567E707}.Release|x64.Build.0 = Release|x64
		{B9CEF4C7-A91E-4D31-8C49-24FE8567E707}.Release|x64.Deploy.0 = Release|x64
		{B9CEF4C7-A91E-4D31-8C49-24FE8567E707}.Release|x86.ActiveCfg = Release|x86
		{B9CEF4C7-A91E-4D31-8C49-24FE8567E707}.Release|x86.Build.0 = Release|x86
		{B9CEF4C7-A91E-4D31-8C49-24FE8567E707}.Release|x86.Deploy.0 = Release|x86
	EndGlobalSection
	GlobalSection(SolutionProperties) = preSolution
		HideSolutionNode = FALSE
	EndGlobalSection
	GlobalSection(ExtensibilityGlobals) = postSolution
		SolutionGuid = {8AE552F2-05B8-4B94-89DB-2B0B1A0D50CB}
	EndGlobalSection
EndGlobal
